Microsoft Visual Studio Solution File, Format Version 12.00
# Visual Studio 2012
Project("{FAE04EC0-301F-11D3-BF4B-00C04F79EFBC}") = "Beat-emUpGame", "Beat-emUpGame.csproj", "{104F7C50-7DBF-4743-A9E9-8FE066E6BE63}"
EndProject
Global
	GlobalSection(SolutionConfigurationPlatforms) = preSolution
	Debug|Any CPU = Debug|Any CPU
	ExportDebug|Any CPU = ExportDebug|Any CPU
	ExportRelease|Any CPU = ExportRelease|Any CPU
	EndGlobalSection
	GlobalSection(ProjectConfigurationPlatforms) = postSolution
		{104F7C50-7DBF-4743-A9E9-8FE066E6BE63}.Debug|Any CPU.ActiveCfg = Debug|Any CPU
		{104F7C50-7DBF-4743-A9E9-8FE066E6BE63}.Debug|Any CPU.Build.0 = Debug|Any CPU
		{104F7C50-7DBF-4743-A9E9-8FE066E6BE63}.ExportDebug|Any CPU.ActiveCfg = ExportDebug|Any CPU
		{104F7C50-7DBF-4743-A9E9-8FE066E6BE63}.ExportDebug|Any CPU.Build.0 = ExportDebug|Any CPU
		{104F7C50-7DBF-4743-A9E9-8FE066E6BE63}.ExportRelease|Any CPU.ActiveCfg = ExportRelease|Any CPU
		{104F7C50-7DBF-4743-A9E9-8FE066E6BE63}.ExportRelease|Any CPU.Build.0 = ExportRelease|Any CPU
	EndGlobalSection
EndGlobal
